
Microsoft Visual Studio Solution File, Format Version 12.00
# Visual Studio Version 16
VisualStudioVersion = 16.0.30611.23
MinimumVisualStudioVersion = 10.0.40219.1
Project("{9A19103F-16F7-4668-BE54-9A1E7A4F7556}") = "2048_Ext.Logic", "2048_Ext.Logic\2048_Ext.Logic.csproj", "{51667AB8-FD24-4229-90E7-41D36446DDE5}"
EndProject
Project("{FAE04EC0-301F-11D3-BF4B-00C04F79EFBC}") = "2048_Ext.Tester", "2048_Ext.Tester\2048_Ext.Tester.csproj", "{1B98F038-4993-4DD4-98FB-1375F9D15A20}"
EndProject
Project("{FAE04EC0-301F-11D3-BF4B-00C04F79EFBC}") = "2048_Ext.Visual", "2048_Ext.Visual\2048_Ext.Visual.csproj", "{62ED94B8-D5C1-4A0D-A68C-BBAA46221807}"
EndProject
Global
	GlobalSection(SolutionConfigurationPlatforms) = preSolution
		Debug|Any CPU = Debug|Any CPU
		Release|Any CPU = Release|Any CPU
	EndGlobalSection
	GlobalSection(ProjectConfigurationPlatforms) = postSolution
		{51667AB8-FD24-4229-90E7-41D36446DDE5}.Debug|Any CPU.ActiveCfg = Debug|Any CPU
		{51667AB8-FD24-4229-90E7-41D36446DDE5}.Debug|Any CPU.Build.0 = Debug|Any CPU
		{51667AB8-FD24-4229-90E7-41D36446DDE5}.Release|Any CPU.ActiveCfg = Release|Any CPU
		{51667AB8-FD24-4229-90E7-41D36446DDE5}.Release|Any CPU.Build.0 = Release|Any CPU
		{1B98F038-4993-4DD4-98FB-1375F9D15A20}.Debug|Any CPU.ActiveCfg = Debug|Any CPU
		{1B98F038-4993-4DD4-98FB-1375F9D15A20}.Debug|Any CPU.Build.0 = Debug|Any CPU
		{1B98F038-4993-4DD4-98FB-1375F9D15A20}.Release|Any CPU.ActiveCfg = Release|Any CPU
		{1B98F038-4993-4DD4-98FB-1375F9D15A20}.Release|Any CPU.Build.0 = Release|Any CPU
		{62ED94B8-D5C1-4A0D-A68C-BBAA46221807}.Debug|Any CPU.ActiveCfg = Debug|Any CPU
		{62ED94B8-D5C1-4A0D-A68C-BBAA46221807}.Debug|Any CPU.Build.0 = Debug|Any CPU
		{62ED94B8-D5C1-4A0D-A68C-BBAA46221807}.Release|Any CPU.ActiveCfg = Release|Any CPU
		{62ED94B8-D5C1-4A0D-A68C-BBAA46221807}.Release|Any CPU.Build.0 = Release|Any CPU
	EndGlobalSection
	GlobalSection(SolutionProperties) = preSolution
		HideSolutionNode = FALSE
	EndGlobalSection
	GlobalSection(ExtensibilityGlobals) = postSolution
		SolutionGuid = {DA947C14-352D-428D-B6D0-F7B7799B9189}
	EndGlobalSection
EndGlobal
